
Microsoft Visual Studio Solution File, Format Version 12.00
# Visual Studio Version 16
VisualStudioVersion = 16.0.31515.178
MinimumVisualStudioVersion = 10.0.40219.1
Project("{FAE04EC0-301F-11D3-BF4B-00C04F79EFBC}") = "LootManager", "LootManager\LootManager.csproj", "{6DD0B93B-5D7D-4509-AD56-51CFDD20F80B}"
EndProject
Global
	GlobalSection(SolutionConfigurationPlatforms) = preSolution
		Debug|Any CPU = Debug|Any CPU
		Release|Any CPU = Release|Any CPU
	EndGlobalSection
	GlobalSection(ProjectConfigurationPlatforms) = postSolution
		{6DD0B93B-5D7D-4509-AD56-51CFDD20F80B}.Debug|Any CPU.ActiveCfg = Debug|Any CPU
		{6DD0B93B-5D7D-4509-AD56-51CFDD20F80B}.Debug|Any CPU.Build.0 = Debug|Any CPU
		{6DD0B93B-5D7D-4509-AD56-51CFDD20F80B}.Release|Any CPU.ActiveCfg = Release|Any CPU
		{6DD0B93B-5D7D-4509-AD56-51CFDD20F80B}.Release|Any CPU.Build.0 = Release|Any CPU
	EndGlobalSection
	GlobalSection(SolutionProperties) = preSolution
		HideSolutionNode = FALSE
	EndGlobalSection
	GlobalSection(ExtensibilityGlobals) = postSolution
		SolutionGuid = {113E75D1-46D0-496D-A244-84A0B814BB76}
	EndGlobalSection
EndGlobal
